version: 7
platforms:
- name: linux-64
  virtual-packages:
  - __unix=0=0
  - __linux=4.18
  - __glibc=2.28
  - __archspec=0=x86_64
environments:
  default:
    channels:
    - url: https://conda.anaconda.org/conda-forge/
    - url: https://conda.anaconda.org/bioconda/
    packages:
      linux-64:
      - conda: https://conda.anaconda.org/bioconda/linux-64/hmmer-3.4-h7d74f8d_5.conda
      - conda: https://conda.anaconda.org/bioconda/linux-64/perl-json-xs-4.04-pl5321h9948957_0.conda
      - conda: https://conda.anaconda.org/bioconda/noarch/perl-bioperl-core-1.7.8-pl5321hdfd78af_1.tar.bz2
      - conda: https://conda.anaconda.org/bioconda/noarch/perl-ipc-run-20250809.0-pl5321hdfd78af_0.conda
      - conda: https://conda.anaconda.org/bioconda/noarch/perl-json-4.11-pl5321hdfd78af_0.conda
      - conda: https://conda.anaconda.org/bioconda/noarch/perl-types-serialiser-1.01-pl5321hdfd78af_0.tar.bz2
      - conda: https://conda.anaconda.org/conda-forge/linux-64/_openmp_mutex-4.5-20_gnu.conda
      - conda: https://conda.anaconda.org/conda-forge/linux-64/bzip2-1.0.8-hda65f42_10.conda
      - conda: https://conda.anaconda.org/conda-forge/linux-64/gsl-2.7-he838d99_0.tar.bz2
      - conda: https://conda.anaconda.org/conda-forge/linux-64/icu-78.3-py310h44b86e0_2.conda
      - conda: https://conda.anaconda.org/conda-forge/linux-64/ld_impl_linux-64-2.46.1-default_hbd61a6d_102.conda
      - conda: https://conda.anaconda.org/conda-forge/linux-64/libblas-3.11.0-11_h4a7cf45_openblas.conda
      - conda: https://conda.anaconda.org/conda-forge/linux-64/libcblas-3.11.0-11_h0358290_openblas.conda
      - conda: https://conda.anaconda.org/conda-forge/linux-64/libdb-6.2.32-h9c3ff4c_0.tar.bz2
      - conda: https://conda.anaconda.org/conda-forge/linux-64/libexpat-2.8.1-hecca717_1.conda
      - conda: https://conda.anaconda.org/conda-forge/linux-64/libffi-3.7.0-h81df57d_1.conda
      - conda: https://conda.anaconda.org/conda-forge/linux-64/libgcc-16.2.0-ha9f2e26_4.conda
      - conda: https://conda.anaconda.org/conda-forge/linux-64/libgcc-ng-16.2.0-h69a702a_4.conda
      - conda: https://conda.anaconda.org/conda-forge/linux-64/libgfortran-16.2.0-h69a702a_4.conda
      - conda: https://conda.anaconda.org/conda-forge/linux-64/libgfortran-ng-16.2.0-h69a702a_4.conda
      - conda: https://conda.anaconda.org/conda-forge/linux-64/libgfortran5-16.2.0-h6b99dfc_4.conda
      - conda: https://conda.anaconda.org/conda-forge/linux-64/libgomp-16.2.0-he0feb66_4.conda
      - conda: https://conda.anaconda.org/conda-forge/linux-64/liblzma-5.8.3-hb03c661_1.conda
      - conda: https://conda.anaconda.org/conda-forge/linux-64/libnsl-2.0.1-hb9d3cd8_1.conda
      - conda: https://conda.anaconda.org/conda-forge/linux-64/libopenblas-0.3.34-pthreads_hcf972fe_1.conda
      - conda: https://conda.anaconda.org/conda-forge/linux-64/libpython-3.12.14-h0c77377_3_cpython.conda
      - conda: https://conda.anaconda.org/conda-forge/linux-64/libsqlite-3.53.4-h13e7031_1.conda
      - conda: https://conda.anaconda.org/conda-forge/linux-64/libstdcxx-16.2.0-h934c35e_4.conda
      - conda: https://conda.anaconda.org/conda-forge/linux-64/libstdcxx-ng-16.2.0-hdf11a46_4.conda
      - conda: https://conda.anaconda.org/conda-forge/linux-64/libuuid-2.42.3-hcfc3c73_0.conda
      - conda: https://conda.anaconda.org/conda-forge/linux-64/libxcrypt-4.4.38-h280c20c_0.conda
      - conda: https://conda.anaconda.org/conda-forge/linux-64/libzlib-1.3.2-h25fd6f3_3.conda
      - conda: https://conda.anaconda.org/conda-forge/linux-64/mpi-1.0-openmpi.tar.bz2
      - conda: https://conda.anaconda.org/conda-forge/linux-64/ncurses-6.6-hdb14827_1.conda
      - conda: https://conda.anaconda.org/conda-forge/linux-64/openmpi-4.1.6-hc5af2df_101.conda
      - conda: https://conda.anaconda.org/conda-forge/linux-64/openssl-3.6.4-h781a0a9_0.conda
      - conda: https://conda.anaconda.org/conda-forge/linux-64/perl-5.32.1-7_hd590300_perl5.conda
      - conda: https://conda.anaconda.org/conda-forge/linux-64/perl-b-hooks-endofscope-0.28-pl5321ha770c72_1.conda
      - conda: https://conda.anaconda.org/conda-forge/linux-64/perl-class-load-0.25-pl5321ha770c72_2.conda
      - conda: https://conda.anaconda.org/conda-forge/linux-64/perl-class-load-xs-0.10-pl5321hb9d3cd8_0.conda
      - conda: https://conda.anaconda.org/conda-forge/linux-64/perl-cpan-meta-check-0.014-pl5321ha770c72_0.conda
      - conda: https://conda.anaconda.org/conda-forge/linux-64/perl-data-optlist-0.114-pl5321ha770c72_1.conda
      - conda: https://conda.anaconda.org/conda-forge/linux-64/perl-db_file-1.858-pl5321hb9d3cd8_0.conda
      - conda: https://conda.anaconda.org/conda-forge/linux-64/perl-devel-globaldestruction-0.14-pl5321ha770c72_0.conda
      - conda: https://conda.anaconda.org/conda-forge/linux-64/perl-devel-overloadinfo-0.007-pl5321ha770c72_1.conda
      - conda: https://conda.anaconda.org/conda-forge/linux-64/perl-devel-stacktrace-2.04-pl5321h296ab09_0.conda
      - conda: https://conda.anaconda.org/conda-forge/linux-64/perl-dist-checkconflicts-0.11-pl5321ha770c72_0.conda
      - conda: https://conda.anaconda.org/conda-forge/linux-64/perl-eval-closure-0.14-pl5321ha770c72_0.conda
      - conda: https://conda.anaconda.org/conda-forge/linux-64/perl-file-pushd-1.016-pl5321ha770c72_0.conda
      - conda: https://conda.anaconda.org/conda-forge/linux-64/perl-inc-latest-0.500-pl5321ha770c72_0.conda
      - conda: https://conda.anaconda.org/conda-forge/linux-64/perl-io-tty-1.31-pl5321hb03c661_0.conda
      - conda: https://conda.anaconda.org/conda-forge/linux-64/perl-module-build-0.4234-pl5321ha770c72_1.conda
      - conda: https://conda.anaconda.org/conda-forge/linux-64/perl-module-implementation-0.09-pl5321ha770c72_1.conda
      - conda: https://conda.anaconda.org/conda-forge/linux-64/perl-module-runtime-0.016-pl5321ha770c72_1.conda
      - conda: https://conda.anaconda.org/conda-forge/linux-64/perl-module-runtime-conflicts-0.003-pl5321ha770c72_0.conda
      - conda: https://conda.anaconda.org/conda-forge/linux-64/perl-moose-2.2207-pl5321hb9d3cd8_2.conda
      - conda: https://conda.anaconda.org/conda-forge/linux-64/perl-mro-compat-0.15-pl5321ha770c72_0.conda
      - conda: https://conda.anaconda.org/conda-forge/linux-64/perl-namespace-clean-0.27-pl5321h296ab09_1.conda
      - conda: https://conda.anaconda.org/conda-forge/linux-64/perl-package-deprecationmanager-0.18-pl5321ha770c72_2.conda
      - conda: https://conda.anaconda.org/conda-forge/linux-64/perl-package-stash-0.40-pl5321ha770c72_2.conda
      - conda: https://conda.anaconda.org/conda-forge/linux-64/perl-package-stash-xs-0.30-pl5321hb9d3cd8_2.conda
      - conda: https://conda.anaconda.org/conda-forge/linux-64/perl-params-util-1.102-pl5321hb9d3cd8_1.conda
      - conda: https://conda.anaconda.org/conda-forge/linux-64/perl-sub-exporter-0.991-pl5321ha770c72_1.conda
      - conda: https://conda.anaconda.org/conda-forge/linux-64/perl-sub-exporter-progressive-0.001013-pl5321ha770c72_0.conda
      - conda: https://conda.anaconda.org/conda-forge/linux-64/perl-sub-identify-0.14-pl5321hb9d3cd8_2.conda
      - conda: https://conda.anaconda.org/conda-forge/linux-64/perl-sub-name-0.28-pl5321hb9d3cd8_1.conda
      - conda: https://conda.anaconda.org/conda-forge/linux-64/perl-test-cleannamespaces-0.24-pl5321ha770c72_2.conda
      - conda: https://conda.anaconda.org/conda-forge/linux-64/perl-test-fatal-0.016-pl5321ha770c72_0.tar.bz2
      - conda: https://conda.anaconda.org/conda-forge/linux-64/perl-test-leaktrace-0.17-pl5321h7bf1ee8_1.conda
      - conda: https://conda.anaconda.org/conda-forge/linux-64/perl-test-warnings-0.031-pl5321ha770c72_0.conda
      - conda: https://conda.anaconda.org/conda-forge/linux-64/perl-try-tiny-0.31-pl5321ha770c72_0.tar.bz2
      - conda: https://conda.anaconda.org/conda-forge/linux-64/perl-variable-magic-0.64-pl5321hb9d3cd8_0.conda
      - conda: https://conda.anaconda.org/conda-forge/linux-64/python-3.12.14-h5f976f7_3_cpython.conda
      - conda: https://conda.anaconda.org/conda-forge/linux-64/readline-8.3-hd6e31c0_1.conda
      - conda: https://conda.anaconda.org/conda-forge/linux-64/tk-8.6.13-noxft_h1df4ec4_4.conda
      - conda: https://conda.anaconda.org/conda-forge/linux-64/zlib-1.3.2-h25fd6f3_3.conda
      - conda: https://conda.anaconda.org/conda-forge/linux-64/zstd-1.5.7-hb78ec9c_7.conda
      - conda: https://conda.anaconda.org/conda-forge/noarch/ca-certificates-2026.7.22-hbd8a1cb_0.conda
      - conda: https://conda.anaconda.org/conda-forge/noarch/perl-carp-1.50-pl5321hd8ed1ab_0.tar.bz2
      - conda: https://conda.anaconda.org/conda-forge/noarch/perl-common-sense-3.75-pl5321hd8ed1ab_0.tar.bz2
      - conda: https://conda.anaconda.org/conda-forge/noarch/perl-exporter-5.74-pl5321hd8ed1ab_0.tar.bz2
      - conda: https://conda.anaconda.org/conda-forge/noarch/perl-extutils-makemaker-7.70-pl5321hd8ed1ab_0.conda
      - conda: https://conda.anaconda.org/conda-forge/noarch/perl-sub-install-0.928-pl5321hd8ed1ab_0.tar.bz2
      - conda: https://conda.anaconda.org/conda-forge/noarch/tzdata-2026c-h151e31d_0.conda
packages:
- conda: https://conda.anaconda.org/bioconda/linux-64/hmmer-3.4-h7d74f8d_5.conda
  sha256: b0ea2115beb20bbd3fe63dd8e41bfc29eab42a0c3982f91f0e018840567f37b6
  md5: 7e252dc47eda3426c7a2a87122b1a3fa
  depends:
  - __glibc >=2.17,<3.0.a0
  - gsl >=2.7,<2.8.0a0
  - libblas >=3.11.0,<4.0a0
  - libgcc >=14
  - openmpi >=4.1.6,<5.0a0
  license: BSD
  license_family: BSD
  run_exports:
    weak:
    - hmmer >=3.4,<3.5.0a0
  size: 8590281
  timestamp: 1784803446097
- conda: https://conda.anaconda.org/bioconda/linux-64/perl-json-xs-4.04-pl5321h9948957_0.conda
  sha256: f16cf35917a5d75fb55cfc69d8651dc72ff4e06370142b447a4864f5de7d97c6
  md5: 7916b2e794393b3389535ba750f489da
  depends:
  - libgcc >=13
  - libstdcxx >=13
  - perl >=5.32.1,<5.33.0a0 *_perl5
  - perl-common-sense
  - perl-types-serialiser
  license: GPL-1.0-or-later OR Artistic-1.0-Perl
  run_exports:
    weak:
    - perl-json-xs >=4.4,<5.0a0
  size: 70770
  timestamp: 1757352008878
- conda: https://conda.anaconda.org/bioconda/noarch/perl-bioperl-core-1.7.8-pl5321hdfd78af_1.tar.bz2
  sha256: 144d8a545fae0c2d9cace3b0eb0c222af50e381d7a51c0aa15b30af60a499e61
  md5: e627a38fe206468089dc73a0aafb6c8c
  depends:
  - perl >=5.32.1,<6.0a0 *_perl5
  - perl-db_file
  license: perl_5
  run_exports:
    weak:
    - perl-bioperl-core =1.7.8
  size: 1870160
  timestamp: 1647903667991
- conda: https://conda.anaconda.org/bioconda/noarch/perl-ipc-run-20250809.0-pl5321hdfd78af_0.conda
  sha256: f44082fcc13bd4242eb6bc1628473a7f158f6dfcf52f5e46349deec050e2aa05
  md5: f1092c32b516388b31320d3136a905f3
  depends:
  - perl >=5.32.1,<6.0a0 *_perl5
  - perl-io-tty
  license: Perl_5
  run_exports:
    weak:
    - perl-ipc-run >=20250809.0
  size: 85062
  timestamp: 1755243809332
- conda: https://conda.anaconda.org/bioconda/noarch/perl-json-4.11-pl5321hdfd78af_0.conda
  sha256: 1c1649f491c76f4ae2984b547701df91c8abfda2e3b7b44e0c007f5e78a87c08
  md5: 56411755d21870a9ec16c76fd7b66dba
  depends:
  - perl >=5.32.1,<6.0a0 *_perl5
  - perl-json-xs
  license: GPL-1.0-or-later OR Artistic-1.0-Perl
  run_exports:
    weak:
    - perl-json >=4.11,<5.0a0
  size: 52845
  timestamp: 1774152885168
- conda: https://conda.anaconda.org/bioconda/noarch/perl-types-serialiser-1.01-pl5321hdfd78af_0.tar.bz2
  sha256: 20f61217b16235d0161ad6fa0a234585afcc04ec5a6142c65b5867e26216dfe3
  md5: cfc65753e827bbef80c00eaa395f6ae7
  depends:
  - perl >=5.32.1,<6.0a0 *_perl5
  - perl-common-sense
  license: perl_5
  run_exports: {}
  size: 13136
  timestamp: 1644512391683
- conda: https://conda.anaconda.org/conda-forge/linux-64/_openmp_mutex-4.5-20_gnu.conda
  build_number: 20
  sha256: 1dd3fffd892081df9726d7eb7e0dea6198962ba775bd88842135a4ddb4deb3c9
  md5: a9f577daf3de00bca7c3c76c0ecbd1de
  depends:
  - __glibc >=2.17,<3.0.a0
  - libgomp >=7.5.0
  constrains:
  - openmp_impl <0.0a0
  license: BSD-3-Clause
  license_family: BSD
  run_exports:
    strong:
    - _openmp_mutex >=4.5
  size: 28948
  timestamp: 1770939786096
- conda: https://conda.anaconda.org/conda-forge/linux-64/bzip2-1.0.8-hda65f42_10.conda
  sha256: 1a0d382c515ebf55f8ee1f38c8b81bc95af5c2acc42ad53b66bc5df932032f96
  md5: e675fabcf81499adc7edf58124fb1e01
  depends:
  - __glibc >=2.17,<3.0.a0
  - libgcc >=14
  license: bzip2-1.0.6
  license_family: BSD
  run_exports:
    weak:
    - bzip2 >=1.0.8,<2.0a0
  size: 257808
  timestamp: 1785906269155
- conda: https://conda.anaconda.org/conda-forge/linux-64/gsl-2.7-he838d99_0.tar.bz2
  sha256: 132a918b676dd1f533d7c6f95e567abf7081a6ea3251c3280de35ef600e0da87
  md5: fec079ba39c9cca093bf4c00001825de
  depends:
  - libblas >=3.8.0,<4.0a0
  - libcblas >=3.8.0,<4.0a0
  - libgcc-ng >=9.3.0
  license: GPL-3.0-or-later
  license_family: GPL
  run_exports:
    weak:
    - gsl >=2.7,<2.8.0a0
  size: 3376423
  timestamp: 1626369596591
- conda: https://conda.anaconda.org/conda-forge/linux-64/icu-78.3-py310h44b86e0_2.conda
  sha256: 9f07834f0c546ab14d885ce0366285f61f44e326c0edd1fc63b8294e113ae432
  md5: 72a381cbad04f24b1c2a43ef707f45b4
  depends:
  - __glibc >=2.17,<3.0.a0
  - libstdcxx >=14
  - libgcc >=14
  license: MIT
  license_family: MIT
  run_exports:
    weak:
    - icu >=78.3,<79.0a0
  size: 14459115
  timestamp: 1786545741408
- conda: https://conda.anaconda.org/conda-forge/linux-64/ld_impl_linux-64-2.46.1-default_hbd61a6d_102.conda
  sha256: 27d83f1188cd19bcb7754a078b3fa7f4cfb8527f8eb2fde54dd01fc529d1adec
  md5: 449500f2c089da11c40f5c21312e3e07
  depends:
  - __glibc >=2.17,<3.0.a0
  - zstd >=1.5.7,<1.6.0a0
  constrains:
  - binutils_impl_linux-64 2.46.1
  license: GPL-3.0-only
  license_family: GPL
  run_exports: {}
  size: 745303
  timestamp: 1784214507189
- conda: https://conda.anaconda.org/conda-forge/linux-64/libblas-3.11.0-11_h4a7cf45_openblas.conda
  build_number: 11
  sha256: d942e0c820d60a613a6f786d074f0820fb6343e3f1ccfb110b1d98b44fb75968
  md5: b8cce1486f3c62f33291d6318c193d0d
  depends:
  - libopenblas >=0.3.34,<0.3.35.0a0
  - libopenblas >=0.3.34,<1.0a0
  constrains:
  - blas 2.311   openblas
  - libcblas   3.11.0   11*_openblas
  - liblapack  3.11.0   11*_openblas
  - liblapacke 3.11.0   11*_openblas
  - mkl <2027
  license: BSD-3-Clause
  license_family: BSD
  run_exports:
    weak:
    - libblas >=3.11.0,<4.0a0
  size: 18246
  timestamp: 1789061062982
- conda: https://conda.anaconda.org/conda-forge/linux-64/libcblas-3.11.0-11_h0358290_openblas.conda
  build_number: 11
  sha256: f7d1bbdea61cf94ba219d17b2cb571a29830f8025385af799bff5a7ad1ef45e6
  md5: 73a248c30811075059b5aeda766c2624
  depends:
  - libblas 3.11.0 11_h4a7cf45_openblas
  constrains:
  - blas 2.311   openblas
  - liblapack  3.11.0   11*_openblas
  - liblapacke 3.11.0   11*_openblas
  license: BSD-3-Clause
  license_family: BSD
  run_exports:
    weak:
    - libcblas >=3.11.0,<4.0a0
  size: 18196
  timestamp: 1789061068819
- conda: https://conda.anaconda.org/conda-forge/linux-64/libdb-6.2.32-h9c3ff4c_0.tar.bz2
  sha256: 21fac1012ff05b131d4b5d284003dbbe7b5c4c652aa9e401b46279ed5a784372
  md5: 3f3258d8f841fbac63b36b75bdac1afd
  depends:
  - libgcc-ng >=9.3.0
  - libstdcxx-ng >=9.3.0
  license: AGPL-3.0-only
  license_family: AGPL
  run_exports:
    weak:
    - libdb >=6.2.32,<6.3.0a0
  size: 24409456
  timestamp: 1609539093147
- conda: https://conda.anaconda.org/conda-forge/linux-64/libexpat-2.8.1-hecca717_1.conda
  sha256: 16feffd9ddbbe5b718515d38ee376c685ba95491cd901244e24671d20b952a77
  md5: b24d3c612f71e7aa74158d92106318b2
  depends:
  - __glibc >=2.17,<3.0.a0
  - libgcc >=14
  constrains:
  - expat 2.8.1.*
  license: MIT
  license_family: MIT
  run_exports: {}
  size: 77856
  timestamp: 1781203599810
- conda: https://conda.anaconda.org/conda-forge/linux-64/libffi-3.7.0-h81df57d_1.conda
  sha256: c8c7583ef063bc3c430f1d48298e5ad24f796a35c22ed5b14183325825a61106
  md5: 6525a0b06aa4fd390795f0740636a9dd
  depends:
  - __glibc >=2.17,<3.0.a0
  - libgcc >=15
  license: MIT
  license_family: MIT
  run_exports:
    weak:
    - libffi >=3.7.0,<3.8.0a0
  size: 68004
  timestamp: 1787753412298
- conda: https://conda.anaconda.org/conda-forge/linux-64/libgcc-16.2.0-ha9f2e26_4.conda
  sha256: 24090e675d34403b4ee1cd4372d8f6c0937da7ecfd66a19a57cac2ed0f4ea793
  md5: cba14d01083fc62ffd32c24d7d390633
  depends:
  - __glibc >=2.17,<3.0.a0
  - _openmp_mutex >=4.5
  constrains:
  - libgcc-ng ==16.2.0=*_4
  - libgomp 16.2.0 he0feb66_4
  license: GPL-3.0-only WITH GCC-exception-3.1
  license_family: GPL
  run_exports: {}
  size: 1058083
  timestamp: 1787618680111
- conda: https://conda.anaconda.org/conda-forge/linux-64/libgcc-ng-16.2.0-h69a702a_4.conda
  sha256: d8e66c14e23f2b3c70410cff5979d9d357e6edfb990b28d8e630852f4d395629
  md5: b3e52878163a841f6fb951989cc0b217
  depends:
  - libgcc 16.2.0 ha9f2e26_4
  license: GPL-3.0-only WITH GCC-exception-3.1
  license_family: GPL
  run_exports:
    strong:
    - libgcc
  size: 28403
  timestamp: 1787618684957
- conda: https://conda.anaconda.org/conda-forge/linux-64/libgfortran-16.2.0-h69a702a_4.conda
  sha256: 7653be4d88a4d74676c38dd892914d027dcecc0c65c406be772d31cb641f8cfd
  md5: 5e92b8413fd1c8f8f3006f4661b12def
  depends:
  - libgfortran5 16.2.0 h6b99dfc_4
  constrains:
  - libgfortran-ng ==16.2.0=*_4
  license: GPL-3.0-only WITH GCC-exception-3.1
  license_family: GPL
  run_exports: {}
  size: 28377
  timestamp: 1787618711732
- conda: https://conda.anaconda.org/conda-forge/linux-64/libgfortran-ng-16.2.0-h69a702a_4.conda
  sha256: 3a174113383a21fb67d098dccbfefbbdc761b361539fc9824bebe3d39b88a56b
  md5: 02101682ef8d41eba983136613eba99e
  depends:
  - libgfortran 16.2.0 h69a702a_4
  license: GPL-3.0-only WITH GCC-exception-3.1
  license_family: GPL
  run_exports:
    strong:
    - libgfortran
  size: 28444
  timestamp: 1787618874816
- conda: https://conda.anaconda.org/conda-forge/linux-64/libgfortran5-16.2.0-h6b99dfc_4.conda
  sha256: a5510cbcea3b9e9ab24b336429de997fa727af1dba323031500a962a20e38600
  md5: c22348a769bb072b6184eb6f7f05e4f2
  depends:
  - __glibc >=2.17,<3.0.a0
  - libgcc >=16.2.0
  constrains:
  - libgfortran 16.2.0
  license: GPL-3.0-only WITH GCC-exception-3.1
  license_family: GPL
  run_exports: {}
  size: 2526008
  timestamp: 1787618692926
- conda: https://conda.anaconda.org/conda-forge/linux-64/libgomp-16.2.0-he0feb66_4.conda
  sha256: 0fe5cb8e0752241ab55e11656ed1b9726248b522d23b929fe7c95b83eb55b9bb
  md5: 89d2c1231f47bd818f5d624b9411459d
  depends:
  - __glibc >=2.17,<3.0.a0
  license: GPL-3.0-only WITH GCC-exception-3.1
  license_family: GPL
  run_exports:
    strong:
    - _openmp_mutex >=4.5
  size: 639968
  timestamp: 1787618616266
- conda: https://conda.anaconda.org/conda-forge/linux-64/liblzma-5.8.3-hb03c661_1.conda
  sha256: 9787df8c22a59c9a70d3e5a10db9ad663485e75e9ccc3f09bd092cb7b95e0dab
  md5: 1390b7c5ac0b1d8e447bc5efa6d3c8c2
  depends:
  - __glibc >=2.17,<3.0.a0
  - libgcc >=14
  constrains:
  - xz 5.8.3.*
  license: 0BSD
  run_exports:
    weak:
    - liblzma >=5.8.3,<6.0a0
  size: 112995
  timestamp: 1786348617826
- conda: https://conda.anaconda.org/conda-forge/linux-64/libnsl-2.0.1-hb9d3cd8_1.conda
  sha256: 927fe72b054277cde6cb82597d0fcf6baf127dcbce2e0a9d8925a68f1265eef5
  md5: d864d34357c3b65a4b731f78c0801dc4
  depends:
  - __glibc >=2.17,<3.0.a0
  - libgcc >=13
  license: LGPL-2.1-only
  license_family: GPL
  run_exports:
    weak:
    - libnsl >=2.0.1,<2.1.0a0
  size: 33731
  timestamp: 1750274110928
- conda: https://conda.anaconda.org/conda-forge/linux-64/libopenblas-0.3.34-pthreads_hcf972fe_1.conda
  sha256: b2846ca0b00cc08d248589d289ba891856d4b42da4a3c823be6b2d660bd80a83
  md5: 25994250f54292352a82eb05ab4499ba
  depends:
  - __glibc >=2.17,<3.0.a0
  - libgcc >=15
  - libgfortran
  - libgfortran5 >=15.3.0
  constrains:
  - openblas >=0.3.34,<0.3.35.0a0
  license: BSD-3-Clause
  license_family: BSD
  run_exports:
    weak:
    - libopenblas >=0.3.34,<1.0a0
  size: 5994112
  timestamp: 1788056652715
- conda: https://conda.anaconda.org/conda-forge/linux-64/libpython-3.12.14-h0c77377_3_cpython.conda
  build_number: 3
  sha256: 6be16a4906d83eb8e9e04375d524f339f426a847cffd294f1ceb0611988dc17a
  md5: d247b7632f09324c11f24b5270361385
  depends:
  - __glibc >=2.17,<3.0.a0
  - libgcc >=15
  - libstdcxx >=15
  license: Python-2.0
  run_exports: {}
  size: 8770625
  timestamp: 1788392466381
- conda: https://conda.anaconda.org/conda-forge/linux-64/libsqlite-3.53.4-h13e7031_1.conda
  sha256: f20d70da54e5b31dd4a51fb1efeaafafd5ab6dd8d7ac9d1438eaa2526ac4ed3d
  md5: e72bbec309c2b0f37823ee7d4fabfcd3
  depends:
  - __glibc >=2.17,<3.0.a0
  - icu >=78.3,<79.0a0
  - libgcc >=15
  - libzlib >=1.3.2,<2.0a0
  license: blessing
  run_exports:
    weak:
    - libsqlite >=3.53.4,<4.0a0
  size: 974348
  timestamp: 1787051145557
- conda: https://conda.anaconda.org/conda-forge/linux-64/libstdcxx-16.2.0-h934c35e_4.conda
  sha256: 40b792b0186c1e8859280a1f6f19a54fc50a11b32724fc7b637009c1a9bd302b
  md5: 2f2ef0d96de5bdd8c1270ff22fdf9352
  depends:
  - __glibc >=2.17,<3.0.a0
  - libgcc 16.2.0 ha9f2e26_4
  constrains:
  - libstdcxx-ng ==16.2.0=*_4
  license: GPL-3.0-only WITH GCC-exception-3.1
  license_family: GPL
  run_exports: {}
  size: 6613148
  timestamp: 1787618704262
- conda: https://conda.anaconda.org/conda-forge/linux-64/libstdcxx-ng-16.2.0-hdf11a46_4.conda
  sha256: 4cdebd87b76cf53a58a08ebd6d15336daa79c5f0aa34d83a895ac503c0203632
  md5: de0dceacf3e33c5fc88e167885dc8274
  depends:
  - libstdcxx 16.2.0 h934c35e_4
  license: GPL-3.0-only WITH GCC-exception-3.1
  license_family: GPL
  run_exports:
    strong:
    - libstdcxx
  size: 28459
  timestamp: 1787618737021
- conda: https://conda.anaconda.org/conda-forge/linux-64/libuuid-2.42.3-hcfc3c73_0.conda
  sha256: aa58bbba56644ffd062a4a9b358782c5eb7560ccead2ab8f7c5c6ede0a7d33a6
  md5: 74a0a409d9f4561265d36b789d3f398a
  depends:
  - __glibc >=2.17,<3.0.a0
  - libgcc >=15
  license: BSD-3-Clause
  license_family: BSD
  run_exports:
    weak:
    - libuuid >=2.42.3,<3.0a0
  size: 39998
  timestamp: 1788347719520
- conda: https://conda.anaconda.org/conda-forge/linux-64/libxcrypt-4.4.38-h280c20c_0.conda
  sha256: f7e9292dd219a6435bbb1223da9586c3e70d66d169c5a92f08db3f2127df04e9
  md5: f7a7ff5a6ab331e037abd34f379a631d
  depends:
  - libgcc >=14
  - __glibc >=2.17,<3.0.a0
  license: LGPL-2.1-or-later
  run_exports:
    weak:
    - libxcrypt >=4.4.38
  size: 101957
  timestamp: 1785887123445
- conda: https://conda.anaconda.org/conda-forge/linux-64/libzlib-1.3.2-h25fd6f3_3.conda
  sha256: eb8a0db0aa570124f7d2a93d7c7f596e3390df5e047818d873baad32985fc736
  md5: 0de0122d9570a8ab637c6b73db268389
  depends:
  - __glibc >=2.17,<3.0.a0
  constrains:
  - zlib 1.3.2 *_3
  license: Zlib
  license_family: Other
  run_exports:
    weak:
    - libzlib >=1.3.2,<2.0a0
  size: 63713
  timestamp: 1785362952714
- conda: https://conda.anaconda.org/conda-forge/linux-64/mpi-1.0-openmpi.tar.bz2
  sha256: 54cf44ee2c122bce206f834a825af06e3b14fc4fd58c968ae9329715cc281d1e
  md5: 1dcc49e16749ff79ba2194fa5d4ca5e7
  license: BSD 3-clause
  run_exports: {}
  size: 4204
- conda: https://conda.anaconda.org/conda-forge/linux-64/ncurses-6.6-hdb14827_1.conda
  sha256: 5d46557214ed184381dafe835b7c94a474a1c3b307a08a250b1ea4779b44ffb3
  md5: ee6c0cd80a60961a1f48aa3e0b91f986
  depends:
  - __glibc >=2.17,<3.0.a0
  - libgcc >=14
  license: X11 AND BSD-3-Clause
  run_exports:
    weak:
    - ncurses >=6.6,<7.0a0
  size: 911196
  timestamp: 1786355078102
- conda: https://conda.anaconda.org/conda-forge/linux-64/openmpi-4.1.6-hc5af2df_101.conda
  sha256: f0769dd891e1735be4606ec8643951e5cbca199f774e58c7d933f70a70134ce4
  md5: f9a2ad0088ee38f396350515fa37d243
  depends:
  - libgcc-ng >=12
  - libgfortran-ng
  - libgfortran5 >=12.3.0
  - libstdcxx-ng >=12
  - libzlib >=1.2.13,<2.0.0a0
  - mpi 1.0 openmpi
  - zlib
  constrains:
  - cudatoolkit  >= 10.2
  - ucx >=1.15.0,<2.0a0
  - libpmix ==0.0.0
  - libprrte ==0.0.0
  license: BSD-3-Clause
  license_family: BSD
  run_exports:
    weak:
    - openmpi >=4.1.6,<5.0a0
  size: 4069632
  timestamp: 1696593196408
- conda: https://conda.anaconda.org/conda-forge/linux-64/openssl-3.6.4-h781a0a9_0.conda
  sha256: 4747b2d6a8336f52343bceb8a1ebf41a9e6e665b9d2e3f989972de53a310599e
  md5: 16e3034a330cc625f2c685edec60cf4e
  depends:
  - __glibc >=2.17,<3.0.a0
  - ca-certificates
  - libgcc >=15
  license: Apache-2.0
  license_family: Apache
  run_exports:
    weak:
    - openssl >=3.6.4,<4.0a0
  size: 3202955
  timestamp: 1787698780103
- conda: https://conda.anaconda.org/conda-forge/linux-64/perl-5.32.1-7_hd590300_perl5.conda
  build_number: 7
  sha256: 9ec32b6936b0e37bcb0ed34f22ec3116e75b3c0964f9f50ecea5f58734ed6ce9
  md5: f2cfec9406850991f4e3d960cc9e3321
  depends:
  - libgcc-ng >=12
  - libxcrypt >=4.4.36
  license: GPL-1.0-or-later OR Artistic-1.0-Perl
  run_exports:
    weak:
    - perl >=5.32.1,<5.33.0a0 *_perl5
    noarch:
    - perl >=5.32.1,<6.0a0 *_perl5
  size: 13344463
  timestamp: 1703310653947
- conda: https://conda.anaconda.org/conda-forge/linux-64/perl-b-hooks-endofscope-0.28-pl5321ha770c72_1.conda
  sha256: 7feab7156c1987c2eb45712c65bfcc87c02603c6927acca9ee4a56079f5e9b61
  md5: ed80255f4c61097fd55956d6df779372
  depends:
  - perl >=5.32.1,<5.33.0a0 *_perl5
  - perl-module-implementation 0.09.*
  - perl-sub-exporter-progressive 0.001013.*
  - perl-variable-magic 0.64.*
  license: GPL-1.0-or-later OR Artistic-1.0-Perl
  run_exports:
    weak:
    - perl-b-hooks-endofscope =0.28
  size: 21863
  timestamp: 1740732309191
- conda: https://conda.anaconda.org/conda-forge/linux-64/perl-class-load-0.25-pl5321ha770c72_2.conda
  sha256: 4b2b0266a5863a67e60882dbb2b840cb416d92b9272be7c56016787ffae9e179
  md5: 0a6d6182c3d6379e1810b4632edd8000
  depends:
  - perl >=5.32.1,<5.33.0a0 *_perl5
  - perl-data-optlist 0.114.*
  - perl-module-implementation 0.09.*
  - perl-module-runtime 0.016.*
  - perl-package-stash 0.40.*
  - perl-try-tiny 0.31.*
  license: GPL-1.0-or-later OR Artistic-1.0-Perl
  run_exports:
    weak:
    - perl-class-load =0.25
  size: 21822
  timestamp: 1745610994302
- conda: https://conda.anaconda.org/conda-forge/linux-64/perl-class-load-xs-0.10-pl5321hb9d3cd8_0.conda
  sha256: c0d3100748b3e667ed7f8e3cd7d899175246947b651bd9e67e5eca35122e8960
  md5: 9630a9dd5184eb9ac002365b78cea18f
  depends:
  - __glibc >=2.17,<3.0.a0
  - libgcc >=13
  - perl >=5.32.1,<5.33.0a0 *_perl5
  - perl-class-load 0.25.*
  license: Artistic-2.0
  run_exports:
    weak:
    - perl-class-load-xs =0.10
  size: 16592
  timestamp: 1741000981202
- conda: https://conda.anaconda.org/conda-forge/linux-64/perl-cpan-meta-check-0.014-pl5321ha770c72_0.conda
  sha256: 2040c29700f39f8efb7c089db75cbfbedf1f37ec99359a7a6cb2336d5034d50f
  md5: 203aa94817f276625cf2481550caf437
  depends:
  - perl >=5.32.1,<5.33.0a0 *_perl5
  license: GPL-1.0-or-later OR Artistic-1.0-Perl
  run_exports:
    weak:
    - perl-cpan-meta-check =0.014
  size: 17209
  timestamp: 1670592198552
- conda: https://conda.anaconda.org/conda-forge/linux-64/perl-data-optlist-0.114-pl5321ha770c72_1.conda
  sha256: 30f8fd9e4988cbf35cc630d51a68d12f4500557839082488e10c1a395d7193ed
  md5: 352188b67c2b9b0475b012d21e0f10a5
  depends:
  - perl >=5.32.1,<5.33.0a0 *_perl5
  - perl-params-util 1.102.*
  - perl-sub-install
  license: GPL-1.0-or-later OR Artistic-1.0-Perl
  run_exports:
    weak:
    - perl-data-optlist =0.114
  size: 20028
  timestamp: 1745430414163
- conda: https://conda.anaconda.org/conda-forge/linux-64/perl-db_file-1.858-pl5321hb9d3cd8_0.conda
  sha256: 9c95150bc621a32406da4297e9cca4c73565f2b01ac16b1ad78d407ae287978c
  md5: 2dc3e251150589a85fc4219568b12a25
  depends:
  - __glibc >=2.17,<3.0.a0
  - libdb >=6.2.32,<6.3.0a0
  - libgcc >=13
  - perl >=5.32.1,<5.33.0a0 *_perl5
  license: Artistic-1.0-Perl OR GPL-1.0-or-later
  run_exports: {}
  size: 63679
  timestamp: 1733156864666
- conda: https://conda.anaconda.org/conda-forge/linux-64/perl-devel-globaldestruction-0.14-pl5321ha770c72_0.conda
  sha256: 295495af8dcc8e3ab1753d57c64fd1e64468cb205e2f1f2f4c5be4869715b252
  md5: 507cbd9509c8d435faf7f1d132e47827
  depends:
  - perl >=5.32.1,<5.33.0a0 *_perl5
  - perl-sub-exporter-progressive 0.001013.*
  license: GPL-1.0-or-later OR Artistic-1.0-Perl
  run_exports:
    weak:
    - perl-devel-globaldestruction =0.14
  size: 16668
  timestamp: 1669282363878
- conda: https://conda.anaconda.org/conda-forge/linux-64/perl-devel-overloadinfo-0.007-pl5321ha770c72_1.conda
  sha256: f69fb5fdd1eda227f9be89c728bb279536218e7771f61a86df5f90acd8b10a4f
  md5: 97c0c83420a05a108bbf0a471b83ed0b
  depends:
  - perl >=5.32.1,<5.33.0a0 *_perl5
  - perl-mro-compat 0.15.*
  - perl-package-stash 0.40.*
  - perl-test-fatal 0.016.*
  license: GPL-1.0-or-later OR Artistic-1.0-Perl
  run_exports:
    weak:
    - perl-devel-overloadinfo =0.007
  size: 18660
  timestamp: 1740735619359
- conda: https://conda.anaconda.org/conda-forge/linux-64/perl-devel-stacktrace-2.04-pl5321h296ab09_0.conda
  sha256: 65c2326d46dc988e00b0383ebecd40fc5c2aef3768ffad3a08c5c291161f246b
  md5: dd8fdb871a43e20da8d419e08a25aabc
  depends:
  - perl >=5.32.1,<5.33.0a0 *_perl5
  license: Artistic-2.0
  run_exports:
    weak:
    - perl-devel-stacktrace =2.04
  size: 20039
  timestamp: 1745394619485
- conda: https://conda.anaconda.org/conda-forge/linux-64/perl-dist-checkconflicts-0.11-pl5321ha770c72_0.conda
  sha256: 104e34fea7723ff89d58a764a18f9215f85fd1ddf7dd98f2e7fc8c0bb49a5d60
  md5: 7f335039a05646f3bfbcd810574a286a
  depends:
  - perl >=5.32.1,<5.33.0a0 *_perl5
  - perl-module-runtime 0.016.*
  - perl-test-fatal 0.016.*
  license: GPL-1.0-or-later OR Artistic-1.0-Perl
  run_exports:
    weak:
    - perl-dist-checkconflicts =0.11
  size: 19395
  timestamp: 1670854289060
- conda: https://conda.anaconda.org/conda-forge/linux-64/perl-eval-closure-0.14-pl5321ha770c72_0.conda
  sha256: 81676b08ab15d7db59d5e2be0d41430aa4954e7558dcdcf2135b03ed547fee7a
  md5: d4accc3fd843c55e5cca569b88b6fe1d
  depends:
  - perl >=5.32.1,<5.33.0a0 *_perl5
  - perl-test-fatal 0.016.*
  license: GPL-1.0-or-later OR Artistic-1.0-Perl
  run_exports:
    weak:
    - perl-eval-closure =0.14
  size: 19583
  timestamp: 1674481103773
- conda: https://conda.anaconda.org/conda-forge/linux-64/perl-file-pushd-1.016-pl5321ha770c72_0.conda
  sha256: bc58621af5f35d7dc6300ef3719adc12942ab836fcfa5e2539abecffec84e858
  md5: c0c1c250b2964e540d98d775ceaa7686
  depends:
  - perl >=5.32.1,<5.33.0a0 *_perl5
  license: Apache-2.0
  license_family: APACHE
  run_exports:
    weak:
    - perl-file-pushd =1.016
  size: 14746
  timestamp: 1674480748733
- conda: https://conda.anaconda.org/conda-forge/linux-64/perl-inc-latest-0.500-pl5321ha770c72_0.conda
  sha256: ff6b6ffffd6ecbed19a00ee41bb54c283d171f3feff7f45e840441551b5ab876
  md5: 0879971f134628d37bc4b13581113134
  depends:
  - perl >=5.32.1,<5.33.0a0 *_perl5
  license: Apache-2.0
  license_family: APACHE
  run_exports:
    weak:
    - perl-inc-latest =0.500
  size: 16039
  timestamp: 1669240163980
- conda: https://conda.anaconda.org/conda-forge/linux-64/perl-io-tty-1.31-pl5321hb03c661_0.conda
  sha256: 2b45134154357185117b7d906c4825252ca7a79a82008e0713196a5d9687a92e
  md5: 5632c21d8787529810ad47e1017af8a7
  depends:
  - __glibc >=2.17,<3.0.a0
  - libgcc >=14
  - perl >=5.32.1,<5.33.0a0 *_perl5
  license: GPL-1.0-or-later OR Artistic-1.0-Perl
  license_family: OTHER
  run_exports: {}
  size: 37145
  timestamp: 1780407533363
- conda: https://conda.anaconda.org/conda-forge/linux-64/perl-module-build-0.4234-pl5321ha770c72_1.conda
  sha256: 40bc64172a969e87ade758320049c86c6a0d83cf8aeaa69ad218fa463ac6cb5b
  md5: 358d42e9f08dd917b649089526e2ae1f
  depends:
  - perl >=5.32.1,<5.33.0a0 *_perl5
  - perl-inc-latest 0.500.*
  license: GPL-1.0-or-later OR Artistic-1.0-Perl
  run_exports:
    weak:
    - perl-module-build =0.4234
  size: 137087
  timestamp: 1738241035046
- conda: https://conda.anaconda.org/conda-forge/linux-64/perl-module-implementation-0.09-pl5321ha770c72_1.conda
  sha256: 3110c0f792aa658f289cc0b6a869a7fb71041492b59e2f6e75321ec929fd5313
  md5: 1fc9b09c7194da078842ac3f8502ed57
  depends:
  - perl >=5.32.1,<5.33.0a0 *_perl5
  - perl-module-runtime 0.016.*
  - perl-test-fatal 0.016.*
  - perl-try-tiny 0.31.*
  license: Artistic-2.0
  run_exports:
    weak:
    - perl-module-implementation =0.09
  size: 14486
  timestamp: 1740706259533
- conda: https://conda.anaconda.org/conda-forge/linux-64/perl-module-runtime-0.016-pl5321ha770c72_1.conda
  sha256: 36e6925a0e481051fa59f5d83d1dde6e910dcdb28698f4b4771824d7bddbe585
  md5: 611f3ca93e744e14a430ee1f26ca3315
  depends:
  - perl >=5.32.1,<5.33.0a0 *_perl5
  - perl-module-build 0.4234.*
  license: GPL-1.0-or-later OR Artistic-1.0-Perl
  run_exports:
    weak:
    - perl-module-runtime =0.016
  size: 22908
  timestamp: 1738660632714
- conda: https://conda.anaconda.org/conda-forge/linux-64/perl-module-runtime-conflicts-0.003-pl5321ha770c72_0.conda
  sha256: fb87a3d5f1111973f3998d67cfff5be1bacdff6a4585560b6f75d46cc52afaf3
  md5: 861010a9e8e33bb83717724e59fa1dcf
  depends:
  - perl >=5.32.1,<5.33.0a0 *_perl5
  - perl-dist-checkconflicts 0.11.*
  - perl-module-runtime 0.016.*
  license: GPL-1.0-or-later OR Artistic-1.0-Perl
  run_exports:
    weak:
    - perl-module-runtime-conflicts =0.003
  size: 16887
  timestamp: 1674479899814
- conda: https://conda.anaconda.org/conda-forge/linux-64/perl-moose-2.2207-pl5321hb9d3cd8_2.conda
  sha256: ac54422f368d7d5a7a55b58ed54f5b6ba8ad4b2a4b6bcf74293ed8de8e808213
  md5: ff73ab1c79d629ef1ec92090d90865f5
  depends:
  - __glibc >=2.17,<3.0.a0
  - libgcc >=13
  - perl >=5.32.1,<5.33.0a0 *_perl5
  - perl-class-load 0.25.*
  - perl-class-load-xs 0.10.*
  - perl-cpan-meta-check 0.014.*
  - perl-data-optlist 0.114.*
  - perl-devel-globaldestruction 0.14.*
  - perl-devel-overloadinfo 0.007.*
  - perl-devel-stacktrace 2.04.*
  - perl-dist-checkconflicts 0.11.*
  - perl-eval-closure 0.14.*
  - perl-module-runtime 0.016.*
  - perl-module-runtime-conflicts 0.003.*
  - perl-mro-compat 0.15.*
  - perl-package-deprecationmanager 0.18.*
  - perl-package-stash 0.40.*
  - perl-package-stash-xs 0.30.*
  - perl-params-util 1.102.*
  - perl-sub-exporter 0.991.*
  - perl-test-cleannamespaces 0.24.*
  - perl-test-fatal 0.016.*
  - perl-try-tiny 0.31.*
  license: GPL-1.0-or-later OR Artistic-1.0-Perl
  run_exports:
    weak:
    - perl-moose =2.2207
  size: 412046
  timestamp: 1745650296693
- conda: https://conda.anaconda.org/conda-forge/linux-64/perl-mro-compat-0.15-pl5321ha770c72_0.conda
  sha256: facdf4c9eea60c7f7668d204afaaa4b9fbe0a036679ce0436b8dfdbdccda9ddf
  md5: cf20bcb8f8177bd2058988fe44216642
  depends:
  - perl >=5.32.1,<5.33.0a0 *_perl5
  license: GPL-1.0-or-later OR Artistic-1.0-Perl
  run_exports:
    weak:
    - perl-mro-compat =0.15
  size: 19194
  timestamp: 1669239682959
- conda: https://conda.anaconda.org/conda-forge/linux-64/perl-namespace-clean-0.27-pl5321h296ab09_1.conda
  sha256: 8f67303c4c1cd1ba329364ebd7c6ceeb04ad3d1a1a364f978a4939d4de41c077
  md5: 1ae4a3d65f51ba064bfad45843e2b266
  depends:
  - perl >=5.32.1,<5.33.0a0 *_perl5
  - perl-b-hooks-endofscope 0.28.*
  - perl-package-stash 0.40.*
  license: GPL-1.0-or-later OR Artistic-1.0-Perl
  run_exports:
    weak:
    - perl-namespace-clean =0.27
  size: 22728
  timestamp: 1740734309470
- conda: https://conda.anaconda.org/conda-forge/linux-64/perl-package-deprecationmanager-0.18-pl5321ha770c72_2.conda
  sha256: e7ee1bcf3bbe423067f4be1133902f79b745c16e96977d4c217e9d10831be4f3
  md5: 74d4f976ce13efc225fdcc9aead8888b
  depends:
  - perl >=5.32.1,<5.33.0a0 *_perl5
  - perl-package-stash 0.40.*
  - perl-params-util 1.102.*
  - perl-sub-install
  - perl-sub-name 0.28.*
  - perl-test-fatal 0.016.*
  - perl-test-warnings 0.031.*
  license: Artistic-2.0
  run_exports:
    weak:
    - perl-package-deprecationmanager =0.18
  size: 15755
  timestamp: 1745610970669
- conda: https://conda.anaconda.org/conda-forge/linux-64/perl-package-stash-0.40-pl5321ha770c72_2.conda
  sha256: 796f595c5b382338cb640e5cf56d3ad0784de25959ab97cb46ad3c7f5fda77ac
  md5: 4a5b2fcfca8712948b62bb045dbeeca4
  depends:
  - perl >=5.32.1,<5.33.0a0 *_perl5
  - perl-cpan-meta-check 0.014.*
  - perl-dist-checkconflicts 0.11.*
  - perl-module-implementation 0.09.*
  - perl-package-stash-xs 0.30.*
  license: GPL-1.0-or-later OR Artistic-1.0-Perl
  run_exports:
    weak:
    - perl-package-stash =0.40
  size: 24998
  timestamp: 1745598330966
- conda: https://conda.anaconda.org/conda-forge/linux-64/perl-package-stash-xs-0.30-pl5321hb9d3cd8_2.conda
  sha256: 71bd1acd554de434ace556d6f501775e5c1050beb9b9c556e9e643c91aae0d8a
  md5: 82330d044a96e49ed2d8f2c0797baa32
  depends:
  - __glibc >=2.17,<3.0.a0
  - libgcc >=13
  - perl >=5.32.1,<5.33.0a0 *_perl5
  - perl-test-fatal 0.016.*
  license: GPL-1.0-or-later OR Artistic-1.0-Perl
  run_exports:
    weak:
    - perl-package-stash-xs =0.30
  size: 29425
  timestamp: 1740691076009
- conda: https://conda.anaconda.org/conda-forge/linux-64/perl-params-util-1.102-pl5321hb9d3cd8_1.conda
  sha256: 68869b4f9e35065daf7c9d4bb25db9e3c1c8429d6e637c28165d1f429a5686fb
  md5: f4014b97a23eb18a4d49078e30c934a3
  depends:
  - __glibc >=2.17,<3.0.a0
  - libgcc >=13
  - perl >=5.32.1,<5.33.0a0 *_perl5
  - perl-test-leaktrace 0.17.*
  license: GPL-1.0-or-later OR Artistic-1.0-Perl
  run_exports:
    weak:
    - perl-params-util =1.102
  size: 29801
  timestamp: 1738629178873
- conda: https://conda.anaconda.org/conda-forge/linux-64/perl-sub-exporter-0.991-pl5321ha770c72_1.conda
  sha256: 470c9c8d1a5af19e9a28e0ca7051a6e668fa9c2937e65b2118bb13623d849dd6
  md5: 7639c6421eb53c1413a60eef3c95e728
  depends:
  - perl >=5.32.1,<5.33.0a0 *_perl5
  - perl-data-optlist 0.114.*
  - perl-params-util 1.102.*
  - perl-sub-install
  license: GPL-1.0-or-later OR Artistic-1.0-Perl
  run_exports:
    weak:
    - perl-sub-exporter =0.991
  size: 44522
  timestamp: 1745438692051
- conda: https://conda.anaconda.org/conda-forge/linux-64/perl-sub-exporter-progressive-0.001013-pl5321ha770c72_0.conda
  sha256: cf6c57576dd53889d5be0d9eba4da6042acff630a8d36ae701037e2cfaa96f91
  md5: 378d451b83083bd2c100f70cbe8ff1b3
  depends:
  - perl >=5.32.1,<5.33.0a0 *_perl5
  license: GPL-1.0-or-later OR Artistic-1.0-Perl
  run_exports:
    weak:
    - perl-sub-exporter-progressive =0.001013
  size: 17207
  timestamp: 1669240516477
- conda: https://conda.anaconda.org/conda-forge/linux-64/perl-sub-identify-0.14-pl5321hb9d3cd8_2.conda
  sha256: 0c1ffd084b9db978e89a77b58fa533382e9b184ffac9787e89a2a64d156a9560
  md5: dad8c17ee696b3fb6a44760083a83e92
  depends:
  - __glibc >=2.17,<3.0.a0
  - libgcc >=13
  - perl >=5.32.1,<5.33.0a0 *_perl5
  license: GPL-1.0-or-later OR Artistic-1.0-Perl
  license_family: OTHER
  run_exports: {}
  size: 21060
  timestamp: 1741013211360
- conda: https://conda.anaconda.org/conda-forge/linux-64/perl-sub-name-0.28-pl5321hb9d3cd8_1.conda
  sha256: 6a8024e1fc362242bc56f61963e576fd85fe81fdf694d783543ca6e96933c549
  md5: dfa44ff23cc2f8403d008ffc67375694
  depends:
  - __glibc >=2.17,<3.0.a0
  - libgcc >=13
  - perl >=5.32.1,<5.33.0a0 *_perl5
  license: GPL-1.0-or-later OR Artistic-1.0-Perl
  run_exports:
    weak:
    - perl-sub-name =0.28
  size: 22226
  timestamp: 1740671073961
- conda: https://conda.anaconda.org/conda-forge/linux-64/perl-test-cleannamespaces-0.24-pl5321ha770c72_2.conda
  sha256: f5101b15ad932648e0b05032fe93ca3fbe7d8ead78b6f065881f9940a3c1f232
  md5: dee6b367228a4a3d47e554558a476b2a
  depends:
  - perl >=5.32.1,<5.33.0a0 *_perl5
  - perl-file-pushd 1.016.*
  - perl-module-runtime 0.016.*
  - perl-namespace-clean 0.27.*
  - perl-package-stash 0.40.*
  - perl-sub-exporter 0.991.*
  - perl-sub-identify
  - perl-test-warnings 0.031.*
  license: GPL-1.0-or-later OR Artistic-1.0-Perl
  run_exports:
    weak:
    - perl-test-cleannamespaces =0.24
  size: 19822
  timestamp: 1745615100097
- conda: https://conda.anaconda.org/conda-forge/linux-64/perl-test-fatal-0.016-pl5321ha770c72_0.tar.bz2
  sha256: d5420f90b3bca641cdad0c5674b356a060bf1587e82d3828f382a466bdaba6d1
  md5: 5c397b1fd3095004f4ff149af1c0dd3c
  depends:
  - perl >=5.32.1,<5.33.0a0 *_perl5
  - perl-try-tiny 0.31.*
  license: GPL-1.0-or-later OR Artistic-1.0-Perl
  run_exports:
    weak:
    - perl-test-fatal =0.016
  size: 19528
  timestamp: 1666339958976
- conda: https://conda.anaconda.org/conda-forge/linux-64/perl-test-leaktrace-0.17-pl5321h7bf1ee8_1.conda
  sha256: 646a15f06b87e675063682537d21d7c5cdeb8d3dca88bb742427e883d8e4af17
  md5: 71e50f2a501029675daa8a98603f332a
  depends:
  - __glibc >=2.17,<3.0.a0
  - libgcc >=13
  - perl >=5.32.1,<5.33.0a0 *_perl5
  license: GPL-1.0-or-later OR Artistic-1.0-Perl
  run_exports:
    weak:
    - perl-test-leaktrace =0.17
  size: 31999
  timestamp: 1745394555016
- conda: https://conda.anaconda.org/conda-forge/linux-64/perl-test-warnings-0.031-pl5321ha770c72_0.conda
  sha256: 2aaea17941fd456bfe44d15e3f3651d7f27be0cb31235d88e48b71ae857d7ef1
  md5: db0eb51272ea7af7213afaaf7e9967c3
  depends:
  - perl >=5.32.1,<5.33.0a0 *_perl5
  license: GPL-1.0-or-later OR Artistic-1.0-Perl
  run_exports:
    weak:
    - perl-test-warnings =0.031
  size: 21724
  timestamp: 1669240328383
- conda: https://conda.anaconda.org/conda-forge/linux-64/perl-try-tiny-0.31-pl5321ha770c72_0.tar.bz2
  sha256: 7e74c95eb085b095a258a22ee2f30192d79f23a58cbbcb8ca2b14f4fe0a8c406
  md5: cc23b14ed56bf51d84832d98ebd156af
  depends:
  - perl >=5.32.1,<5.33.0a0 *_perl5
  license: MIT
  license_family: MIT
  run_exports:
    weak:
    - perl-try-tiny =0.31
  size: 17704
  timestamp: 1659695570098
- conda: https://conda.anaconda.org/conda-forge/linux-64/perl-variable-magic-0.64-pl5321hb9d3cd8_0.conda
  sha256: bb722ca692e699f0e3d677dcfdddc3e3d9a91b267dfc7c31629f085309058e13
  md5: 41cef166cbd9b0d0b119bfc0cef0fb64
  depends:
  - __glibc >=2.17,<3.0.a0
  - libgcc >=13
  - perl >=5.32.1,<5.33.0a0 *_perl5
  license: GPL-1.0-or-later OR Artistic-1.0-Perl
  run_exports:
    weak:
    - perl-variable-magic =0.64
  size: 41518
  timestamp: 1745396674517
- conda: https://conda.anaconda.org/conda-forge/linux-64/python-3.12.14-h5f976f7_3_cpython.conda
  build_number: 3
  sha256: 14c579b1016da04e4c9f1c5c857272d83ec447317d8c4074a07d59de3cef70ef
  md5: 98be3cf76eca2e8871f907a03aed3b84
  depends:
  - __glibc >=2.17,<3.0.a0
  - bzip2 >=1.0.8,<2.0a0
  - ld_impl_linux-64 >=2.36.1
  - libexpat >=2.8.1,<3.0a0
  - libffi >=3.7.0,<3.8.0a0
  - libgcc >=15
  - liblzma >=5.8.3,<6.0a0
  - libnsl >=2.0.1,<2.1.0a0
  - libpython 3.12.14 h0c77377_3_cpython
  - libsqlite >=3.53.4,<4.0a0
  - libuuid >=2.42.3,<3.0a0
  - libxcrypt >=4.4.38
  - libzlib >=1.3.2,<2.0a0
  - ncurses >=6.6,<7.0a0
  - openssl >=3.5.8,<4.0a0
  - readline >=8.3,<9.0a0
  - tk >=8.6.13,<8.7.0a0
  - tzdata
  constrains:
  - python_abi 3.12.* *_cp312
  license: Python-2.0
  run_exports:
    weak:
    - python_abi 3.12.* *_cp312
    noarch:
    - python
  size: 23044161
  timestamp: 1788392496306
- conda: https://conda.anaconda.org/conda-forge/linux-64/readline-8.3-hd6e31c0_1.conda
  sha256: 01b3fe073a66e321970d09e04b388708f8cbdca5cdfbfcb7c9eeb470ad10383d
  md5: 69c01c781e7c8190bbdaf79e3848c5ca
  depends:
  - __glibc >=2.17,<3.0.a0
  - libgcc >=15
  - ncurses >=6.6,<7.0a0
  license: GPL-3.0-only
  license_family: GPL
  run_exports:
    weak:
    - readline >=8.3,<9.0a0
  size: 348899
  timestamp: 1787033801506
- conda: https://conda.anaconda.org/conda-forge/linux-64/tk-8.6.13-noxft_h1df4ec4_4.conda
  build_number: 104
  sha256: a1a241d172c1ccab067ba245206dd048bc3c2d1b84504b53c9468e99adfc16a1
  md5: 676a2f9b1c4fcf57b70aa5c65f6c60d0
  depends:
  - libgcc >=15
  - __glibc >=2.17,<3.0.a0
  - libzlib >=1.3.2,<2.0a0
  constrains:
  - xorg-libx11 >=1.8.13,<2.0a0
  license: TCL
  run_exports:
    weak:
    - tk >=8.6.13,<8.7.0a0
  size: 3566806
  timestamp: 1787272857910
- conda: https://conda.anaconda.org/conda-forge/linux-64/zlib-1.3.2-h25fd6f3_3.conda
  sha256: 16080a1c7724f7d25727cdc23c7658e0cec2db52448c1dc0c33467ee2c6e1c62
  md5: 6acb86426229f96f93e5468d1df3a5e8
  depends:
  - __glibc >=2.17,<3.0.a0
  - libzlib 1.3.2 h25fd6f3_3
  license: Zlib
  license_family: Other
  run_exports:
    weak:
    - libzlib >=1.3.2,<2.0a0
  size: 96132
  timestamp: 1785362957588
- conda: https://conda.anaconda.org/conda-forge/linux-64/zstd-1.5.7-hb78ec9c_7.conda
  sha256: 47d682b9f6d6ec9eb1a6e6c3e75ea6273e899e78fb7fc59f81d39745009fbc60
  md5: aa459086047c0e5e27023ab19f8cb86a
  depends:
  - __glibc >=2.17,<3.0.a0
  - libzlib >=1.3.2,<2.0a0
  license: BSD-3-Clause
  license_family: BSD
  run_exports:
    weak:
    - zstd >=1.5.7,<1.6.0a0
  size: 601301
  timestamp: 1786599621503
- conda: https://conda.anaconda.org/conda-forge/noarch/ca-certificates-2026.7.22-hbd8a1cb_0.conda
  sha256: 0a0544cf95f64394fe4959286f5c71f5444ad58feb0602e53becb27448d24da6
  md5: 0f51e2391ade309db462a55611263e9c
  depends:
  - __unix
  license: ISC
  run_exports: {}
  size: 131780
  timestamp: 1784754889428
- conda: https://conda.anaconda.org/conda-forge/noarch/perl-carp-1.50-pl5321hd8ed1ab_0.tar.bz2
  sha256: 1981e31113e1e77a2cdc13db657c636f047cd3be2a64d9a0bffac03c5427c1bd
  md5: bdddc03e28019b902da71b722f2288d7
  depends:
  - perl >=5.32.1,<6.0a0 *_perl5
  - perl-exporter
  - perl-extutils-makemaker
  license: GPL-1.0-or-later OR Artistic-1.0-Perl
  license_family: OTHER
  run_exports: {}
  size: 22257
  timestamp: 1636653208008
- conda: https://conda.anaconda.org/conda-forge/noarch/perl-common-sense-3.75-pl5321hd8ed1ab_0.tar.bz2
  sha256: 38ef218e9b9d55b9fbdce6b31cf81bcf6f1b16f21b8e7cb9279b41399522a320
  md5: ef70dc77e8b10bbb62f5e843b401ef0e
  depends:
  - perl >=5.32.1,<6.0a0 *_perl5
  license: GPL-1.0-or-later OR Artistic-1.0-Perl
  license_family: OTHER
  run_exports: {}
  size: 20291
  timestamp: 1660429950685
- conda: https://conda.anaconda.org/conda-forge/noarch/perl-exporter-5.74-pl5321hd8ed1ab_0.tar.bz2
  sha256: 42271d0b79043a10a89044acb5febea50046b745dd2fc37e02943bc3bc75bf8e
  md5: fd2eac4e35f8c970870a3961c1df3e29
  depends:
  - perl >=5.32.1,<6.0a0 *_perl5
  license: GPL-1.0-or-later OR Artistic-1.0-Perl
  license_family: OTHER
  run_exports: {}
  size: 19071
  timestamp: 1636696009075
- conda: https://conda.anaconda.org/conda-forge/noarch/perl-extutils-makemaker-7.70-pl5321hd8ed1ab_0.conda
  sha256: 1d3f342ca74cf2948c3edcfe0d3367b1db0fc64bb163393a2e025336dec3a40c
  md5: ec3e57ed34f7765bfc7054a05868ce5d
  depends:
  - perl >=5.32.1,<6.0a0 *_perl5
  license: GPL-1.0-or-later OR Artistic-1.0-Perl
  license_family: OTHER
  run_exports: {}
  size: 157323
  timestamp: 1679847836884
- conda: https://conda.anaconda.org/conda-forge/noarch/perl-sub-install-0.928-pl5321hd8ed1ab_0.tar.bz2
  sha256: 229795c2cd798ae81220bb28c5ffe7de0c34547b2ddb408931099c1aec160e21
  md5: 192d83751a5c7b0f4296d946b99f92c9
  depends:
  - perl >=5.32.1,<6.0a0 *_perl5
  - perl-carp
  license: GPL-1.0-or-later OR Artistic-1.0-Perl
  license_family: OTHER
  run_exports: {}
  size: 21094
  timestamp: 1665432133490
- conda: https://conda.anaconda.org/conda-forge/noarch/tzdata-2026c-h151e31d_0.conda
  sha256: b928c30ddcb0e3f544c6eade8352737e6e610e263276b90232db6a578ef899d8
  md5: fcb489df604d100968b737f2cb6076c6
  license: LicenseRef-Public-Domain
  run_exports: {}
  size: 118849
  timestamp: 1784250406640
