version: 7
platforms:
- name: linux-64
  virtual-packages:
  - __unix=0=0
  - __linux=4.18
  - __glibc=2.28
  - __archspec=0=x86_64
environments:
  default:
    channels:
    - url: https://conda.anaconda.org/conda-forge/
    - url: https://conda.anaconda.org/bioconda/
    packages:
      linux-64:
      - conda: https://conda.anaconda.org/bioconda/linux-64/hmmer-3.4-h7d74f8d_5.conda
      - conda: https://conda.anaconda.org/conda-forge/linux-64/_openmp_mutex-4.5-20_gnu.conda
      - conda: https://conda.anaconda.org/conda-forge/linux-64/bzip2-1.0.8-hda65f42_10.conda
      - conda: https://conda.anaconda.org/conda-forge/linux-64/gdbm-1.18-h0a1914f_2.tar.bz2
      - conda: https://conda.anaconda.org/conda-forge/linux-64/gmp-6.3.0-hfd2156b_3.conda
      - conda: https://conda.anaconda.org/conda-forge/linux-64/gsl-2.7-he838d99_0.tar.bz2
      - conda: https://conda.anaconda.org/conda-forge/linux-64/icu-78.3-py310h44b86e0_2.conda
      - conda: https://conda.anaconda.org/conda-forge/linux-64/ld_impl_linux-64-2.46.1-default_hbd61a6d_102.conda
      - conda: https://conda.anaconda.org/conda-forge/linux-64/libblas-3.11.0-11_h4a7cf45_openblas.conda
      - conda: https://conda.anaconda.org/conda-forge/linux-64/libcblas-3.11.0-11_h0358290_openblas.conda
      - conda: https://conda.anaconda.org/conda-forge/linux-64/libexpat-2.8.1-hecca717_1.conda
      - conda: https://conda.anaconda.org/conda-forge/linux-64/libffi-3.7.0-h81df57d_1.conda
      - conda: https://conda.anaconda.org/conda-forge/linux-64/libgcc-16.2.0-ha9f2e26_4.conda
      - conda: https://conda.anaconda.org/conda-forge/linux-64/libgcc-ng-16.2.0-h69a702a_4.conda
      - conda: https://conda.anaconda.org/conda-forge/linux-64/libgfortran-16.2.0-h69a702a_4.conda
      - conda: https://conda.anaconda.org/conda-forge/linux-64/libgfortran-ng-16.2.0-h69a702a_4.conda
      - conda: https://conda.anaconda.org/conda-forge/linux-64/libgfortran5-16.2.0-h6b99dfc_4.conda
      - conda: https://conda.anaconda.org/conda-forge/linux-64/libgomp-16.2.0-he0feb66_4.conda
      - conda: https://conda.anaconda.org/conda-forge/linux-64/liblzma-5.8.3-hb03c661_1.conda
      - conda: https://conda.anaconda.org/conda-forge/linux-64/libnsl-2.0.1-hb9d3cd8_1.conda
      - conda: https://conda.anaconda.org/conda-forge/linux-64/libopenblas-0.3.34-pthreads_hcf972fe_1.conda
      - conda: https://conda.anaconda.org/conda-forge/linux-64/libpython-3.12.14-h0c77377_3_cpython.conda
      - conda: https://conda.anaconda.org/conda-forge/linux-64/libsqlite-3.53.4-h13e7031_1.conda
      - conda: https://conda.anaconda.org/conda-forge/linux-64/libstdcxx-16.2.0-h934c35e_4.conda
      - conda: https://conda.anaconda.org/conda-forge/linux-64/libstdcxx-ng-16.2.0-hdf11a46_4.conda
      - conda: https://conda.anaconda.org/conda-forge/linux-64/libuuid-2.42.3-hcfc3c73_0.conda
      - conda: https://conda.anaconda.org/conda-forge/linux-64/libxcrypt-4.4.38-h280c20c_0.conda
      - conda: https://conda.anaconda.org/conda-forge/linux-64/libzlib-1.3.2-h25fd6f3_3.conda
      - conda: https://conda.anaconda.org/conda-forge/linux-64/mpi-1.0-openmpi.tar.bz2
      - conda: https://conda.anaconda.org/conda-forge/linux-64/ncurses-6.6-hdb14827_1.conda
      - conda: https://conda.anaconda.org/conda-forge/linux-64/openmpi-4.1.6-hc5af2df_101.conda
      - conda: https://conda.anaconda.org/conda-forge/linux-64/openssl-3.6.4-h781a0a9_0.conda
      - conda: https://conda.anaconda.org/conda-forge/linux-64/perl-5.32.1-7_hd590300_perl5.conda
      - conda: https://conda.anaconda.org/conda-forge/linux-64/python-3.12.14-h5f976f7_3_cpython.conda
      - conda: https://conda.anaconda.org/conda-forge/linux-64/readline-8.3-hd6e31c0_1.conda
      - conda: https://conda.anaconda.org/conda-forge/linux-64/ruby-3.3.6-he7af4c9_0.conda
      - conda: https://conda.anaconda.org/conda-forge/linux-64/tk-8.6.13-noxft_h1df4ec4_4.conda
      - conda: https://conda.anaconda.org/conda-forge/linux-64/yaml-0.2.5-hebe6cf0_3.conda
      - conda: https://conda.anaconda.org/conda-forge/linux-64/zlib-1.3.2-h25fd6f3_3.conda
      - conda: https://conda.anaconda.org/conda-forge/linux-64/zstd-1.5.7-hb78ec9c_7.conda
      - conda: https://conda.anaconda.org/conda-forge/noarch/ca-certificates-2026.7.22-hbd8a1cb_0.conda
      - conda: https://conda.anaconda.org/conda-forge/noarch/parallel-20260722-hd8ed1ab_0.conda
      - conda: https://conda.anaconda.org/conda-forge/noarch/tzdata-2026c-h151e31d_0.conda
packages:
- conda: https://conda.anaconda.org/bioconda/linux-64/hmmer-3.4-h7d74f8d_5.conda
  sha256: b0ea2115beb20bbd3fe63dd8e41bfc29eab42a0c3982f91f0e018840567f37b6
  md5: 7e252dc47eda3426c7a2a87122b1a3fa
  depends:
  - __glibc >=2.17,<3.0.a0
  - gsl >=2.7,<2.8.0a0
  - libblas >=3.11.0,<4.0a0
  - libgcc >=14
  - openmpi >=4.1.6,<5.0a0
  license: BSD
  license_family: BSD
  run_exports:
    weak:
    - hmmer >=3.4,<3.5.0a0
  size: 8590281
  timestamp: 1784803446097
- conda: https://conda.anaconda.org/conda-forge/linux-64/_openmp_mutex-4.5-20_gnu.conda
  build_number: 20
  sha256: 1dd3fffd892081df9726d7eb7e0dea6198962ba775bd88842135a4ddb4deb3c9
  md5: a9f577daf3de00bca7c3c76c0ecbd1de
  depends:
  - __glibc >=2.17,<3.0.a0
  - libgomp >=7.5.0
  constrains:
  - openmp_impl <0.0a0
  license: BSD-3-Clause
  license_family: BSD
  run_exports:
    strong:
    - _openmp_mutex >=4.5
  size: 28948
  timestamp: 1770939786096
- conda: https://conda.anaconda.org/conda-forge/linux-64/bzip2-1.0.8-hda65f42_10.conda
  sha256: 1a0d382c515ebf55f8ee1f38c8b81bc95af5c2acc42ad53b66bc5df932032f96
  md5: e675fabcf81499adc7edf58124fb1e01
  depends:
  - __glibc >=2.17,<3.0.a0
  - libgcc >=14
  license: bzip2-1.0.6
  license_family: BSD
  run_exports:
    weak:
    - bzip2 >=1.0.8,<2.0a0
  size: 257808
  timestamp: 1785906269155
- conda: https://conda.anaconda.org/conda-forge/linux-64/gdbm-1.18-h0a1914f_2.tar.bz2
  sha256: 8b9606dc896bd9262d09ab2ef1cb55c4ee43f352473209b58b37a9289dd7b00c
  md5: b77bc399b07a19c00fe12fdc95ee0297
  depends:
  - libgcc-ng >=7.5.0
  - readline >=8.0,<9.0a0
  license: GPL-3.0
  license_family: GPL
  run_exports:
    weak:
    - gdbm >=1.18,<1.19.0a0
  size: 194790
  timestamp: 1597622040785
- conda: https://conda.anaconda.org/conda-forge/linux-64/gmp-6.3.0-hfd2156b_3.conda
  sha256: f36c336efc874f346a53a9011f67e997f9faac505562cc18c13b6d399cfe61c7
  md5: 576e32739f323438bf69ab006c21be7b
  depends:
  - __glibc >=2.17,<3.0.a0
  - libgcc >=14
  - libstdcxx >=14
  license: GPL-2.0-or-later OR LGPL-3.0-or-later
  run_exports:
    weak:
    - gmp >=6.3.0,<7.0a0
  size: 493498
  timestamp: 1786629164954
- conda: https://conda.anaconda.org/conda-forge/linux-64/gsl-2.7-he838d99_0.tar.bz2
  sha256: 132a918b676dd1f533d7c6f95e567abf7081a6ea3251c3280de35ef600e0da87
  md5: fec079ba39c9cca093bf4c00001825de
  depends:
  - libblas >=3.8.0,<4.0a0
  - libcblas >=3.8.0,<4.0a0
  - libgcc-ng >=9.3.0
  license: GPL-3.0-or-later
  license_family: GPL
  run_exports:
    weak:
    - gsl >=2.7,<2.8.0a0
  size: 3376423
  timestamp: 1626369596591
- conda: https://conda.anaconda.org/conda-forge/linux-64/icu-78.3-py310h44b86e0_2.conda
  sha256: 9f07834f0c546ab14d885ce0366285f61f44e326c0edd1fc63b8294e113ae432
  md5: 72a381cbad04f24b1c2a43ef707f45b4
  depends:
  - __glibc >=2.17,<3.0.a0
  - libstdcxx >=14
  - libgcc >=14
  license: MIT
  license_family: MIT
  run_exports:
    weak:
    - icu >=78.3,<79.0a0
  size: 14459115
  timestamp: 1786545741408
- conda: https://conda.anaconda.org/conda-forge/linux-64/ld_impl_linux-64-2.46.1-default_hbd61a6d_102.conda
  sha256: 27d83f1188cd19bcb7754a078b3fa7f4cfb8527f8eb2fde54dd01fc529d1adec
  md5: 449500f2c089da11c40f5c21312e3e07
  depends:
  - __glibc >=2.17,<3.0.a0
  - zstd >=1.5.7,<1.6.0a0
  constrains:
  - binutils_impl_linux-64 2.46.1
  license: GPL-3.0-only
  license_family: GPL
  run_exports: {}
  size: 745303
  timestamp: 1784214507189
- conda: https://conda.anaconda.org/conda-forge/linux-64/libblas-3.11.0-11_h4a7cf45_openblas.conda
  build_number: 11
  sha256: d942e0c820d60a613a6f786d074f0820fb6343e3f1ccfb110b1d98b44fb75968
  md5: b8cce1486f3c62f33291d6318c193d0d
  depends:
  - libopenblas >=0.3.34,<0.3.35.0a0
  - libopenblas >=0.3.34,<1.0a0
  constrains:
  - blas 2.311   openblas
  - libcblas   3.11.0   11*_openblas
  - liblapack  3.11.0   11*_openblas
  - liblapacke 3.11.0   11*_openblas
  - mkl <2027
  license: BSD-3-Clause
  license_family: BSD
  run_exports:
    weak:
    - libblas >=3.11.0,<4.0a0
  size: 18246
  timestamp: 1789061062982
- conda: https://conda.anaconda.org/conda-forge/linux-64/libcblas-3.11.0-11_h0358290_openblas.conda
  build_number: 11
  sha256: f7d1bbdea61cf94ba219d17b2cb571a29830f8025385af799bff5a7ad1ef45e6
  md5: 73a248c30811075059b5aeda766c2624
  depends:
  - libblas 3.11.0 11_h4a7cf45_openblas
  constrains:
  - blas 2.311   openblas
  - liblapack  3.11.0   11*_openblas
  - liblapacke 3.11.0   11*_openblas
  license: BSD-3-Clause
  license_family: BSD
  run_exports:
    weak:
    - libcblas >=3.11.0,<4.0a0
  size: 18196
  timestamp: 1789061068819
- conda: https://conda.anaconda.org/conda-forge/linux-64/libexpat-2.8.1-hecca717_1.conda
  sha256: 16feffd9ddbbe5b718515d38ee376c685ba95491cd901244e24671d20b952a77
  md5: b24d3c612f71e7aa74158d92106318b2
  depends:
  - __glibc >=2.17,<3.0.a0
  - libgcc >=14
  constrains:
  - expat 2.8.1.*
  license: MIT
  license_family: MIT
  run_exports: {}
  size: 77856
  timestamp: 1781203599810
- conda: https://conda.anaconda.org/conda-forge/linux-64/libffi-3.7.0-h81df57d_1.conda
  sha256: c8c7583ef063bc3c430f1d48298e5ad24f796a35c22ed5b14183325825a61106
  md5: 6525a0b06aa4fd390795f0740636a9dd
  depends:
  - __glibc >=2.17,<3.0.a0
  - libgcc >=15
  license: MIT
  license_family: MIT
  run_exports:
    weak:
    - libffi >=3.7.0,<3.8.0a0
  size: 68004
  timestamp: 1787753412298
- conda: https://conda.anaconda.org/conda-forge/linux-64/libgcc-16.2.0-ha9f2e26_4.conda
  sha256: 24090e675d34403b4ee1cd4372d8f6c0937da7ecfd66a19a57cac2ed0f4ea793
  md5: cba14d01083fc62ffd32c24d7d390633
  depends:
  - __glibc >=2.17,<3.0.a0
  - _openmp_mutex >=4.5
  constrains:
  - libgcc-ng ==16.2.0=*_4
  - libgomp 16.2.0 he0feb66_4
  license: GPL-3.0-only WITH GCC-exception-3.1
  license_family: GPL
  run_exports: {}
  size: 1058083
  timestamp: 1787618680111
- conda: https://conda.anaconda.org/conda-forge/linux-64/libgcc-ng-16.2.0-h69a702a_4.conda
  sha256: d8e66c14e23f2b3c70410cff5979d9d357e6edfb990b28d8e630852f4d395629
  md5: b3e52878163a841f6fb951989cc0b217
  depends:
  - libgcc 16.2.0 ha9f2e26_4
  license: GPL-3.0-only WITH GCC-exception-3.1
  license_family: GPL
  run_exports:
    strong:
    - libgcc
  size: 28403
  timestamp: 1787618684957
- conda: https://conda.anaconda.org/conda-forge/linux-64/libgfortran-16.2.0-h69a702a_4.conda
  sha256: 7653be4d88a4d74676c38dd892914d027dcecc0c65c406be772d31cb641f8cfd
  md5: 5e92b8413fd1c8f8f3006f4661b12def
  depends:
  - libgfortran5 16.2.0 h6b99dfc_4
  constrains:
  - libgfortran-ng ==16.2.0=*_4
  license: GPL-3.0-only WITH GCC-exception-3.1
  license_family: GPL
  run_exports: {}
  size: 28377
  timestamp: 1787618711732
- conda: https://conda.anaconda.org/conda-forge/linux-64/libgfortran-ng-16.2.0-h69a702a_4.conda
  sha256: 3a174113383a21fb67d098dccbfefbbdc761b361539fc9824bebe3d39b88a56b
  md5: 02101682ef8d41eba983136613eba99e
  depends:
  - libgfortran 16.2.0 h69a702a_4
  license: GPL-3.0-only WITH GCC-exception-3.1
  license_family: GPL
  run_exports:
    strong:
    - libgfortran
  size: 28444
  timestamp: 1787618874816
- conda: https://conda.anaconda.org/conda-forge/linux-64/libgfortran5-16.2.0-h6b99dfc_4.conda
  sha256: a5510cbcea3b9e9ab24b336429de997fa727af1dba323031500a962a20e38600
  md5: c22348a769bb072b6184eb6f7f05e4f2
  depends:
  - __glibc >=2.17,<3.0.a0
  - libgcc >=16.2.0
  constrains:
  - libgfortran 16.2.0
  license: GPL-3.0-only WITH GCC-exception-3.1
  license_family: GPL
  run_exports: {}
  size: 2526008
  timestamp: 1787618692926
- conda: https://conda.anaconda.org/conda-forge/linux-64/libgomp-16.2.0-he0feb66_4.conda
  sha256: 0fe5cb8e0752241ab55e11656ed1b9726248b522d23b929fe7c95b83eb55b9bb
  md5: 89d2c1231f47bd818f5d624b9411459d
  depends:
  - __glibc >=2.17,<3.0.a0
  license: GPL-3.0-only WITH GCC-exception-3.1
  license_family: GPL
  run_exports:
    strong:
    - _openmp_mutex >=4.5
  size: 639968
  timestamp: 1787618616266
- conda: https://conda.anaconda.org/conda-forge/linux-64/liblzma-5.8.3-hb03c661_1.conda
  sha256: 9787df8c22a59c9a70d3e5a10db9ad663485e75e9ccc3f09bd092cb7b95e0dab
  md5: 1390b7c5ac0b1d8e447bc5efa6d3c8c2
  depends:
  - __glibc >=2.17,<3.0.a0
  - libgcc >=14
  constrains:
  - xz 5.8.3.*
  license: 0BSD
  run_exports:
    weak:
    - liblzma >=5.8.3,<6.0a0
  size: 112995
  timestamp: 1786348617826
- conda: https://conda.anaconda.org/conda-forge/linux-64/libnsl-2.0.1-hb9d3cd8_1.conda
  sha256: 927fe72b054277cde6cb82597d0fcf6baf127dcbce2e0a9d8925a68f1265eef5
  md5: d864d34357c3b65a4b731f78c0801dc4
  depends:
  - __glibc >=2.17,<3.0.a0
  - libgcc >=13
  license: LGPL-2.1-only
  license_family: GPL
  run_exports:
    weak:
    - libnsl >=2.0.1,<2.1.0a0
  size: 33731
  timestamp: 1750274110928
- conda: https://conda.anaconda.org/conda-forge/linux-64/libopenblas-0.3.34-pthreads_hcf972fe_1.conda
  sha256: b2846ca0b00cc08d248589d289ba891856d4b42da4a3c823be6b2d660bd80a83
  md5: 25994250f54292352a82eb05ab4499ba
  depends:
  - __glibc >=2.17,<3.0.a0
  - libgcc >=15
  - libgfortran
  - libgfortran5 >=15.3.0
  constrains:
  - openblas >=0.3.34,<0.3.35.0a0
  license: BSD-3-Clause
  license_family: BSD
  run_exports:
    weak:
    - libopenblas >=0.3.34,<1.0a0
  size: 5994112
  timestamp: 1788056652715
- conda: https://conda.anaconda.org/conda-forge/linux-64/libpython-3.12.14-h0c77377_3_cpython.conda
  build_number: 3
  sha256: 6be16a4906d83eb8e9e04375d524f339f426a847cffd294f1ceb0611988dc17a
  md5: d247b7632f09324c11f24b5270361385
  depends:
  - __glibc >=2.17,<3.0.a0
  - libgcc >=15
  - libstdcxx >=15
  license: Python-2.0
  run_exports: {}
  size: 8770625
  timestamp: 1788392466381
- conda: https://conda.anaconda.org/conda-forge/linux-64/libsqlite-3.53.4-h13e7031_1.conda
  sha256: f20d70da54e5b31dd4a51fb1efeaafafd5ab6dd8d7ac9d1438eaa2526ac4ed3d
  md5: e72bbec309c2b0f37823ee7d4fabfcd3
  depends:
  - __glibc >=2.17,<3.0.a0
  - icu >=78.3,<79.0a0
  - libgcc >=15
  - libzlib >=1.3.2,<2.0a0
  license: blessing
  run_exports:
    weak:
    - libsqlite >=3.53.4,<4.0a0
  size: 974348
  timestamp: 1787051145557
- conda: https://conda.anaconda.org/conda-forge/linux-64/libstdcxx-16.2.0-h934c35e_4.conda
  sha256: 40b792b0186c1e8859280a1f6f19a54fc50a11b32724fc7b637009c1a9bd302b
  md5: 2f2ef0d96de5bdd8c1270ff22fdf9352
  depends:
  - __glibc >=2.17,<3.0.a0
  - libgcc 16.2.0 ha9f2e26_4
  constrains:
  - libstdcxx-ng ==16.2.0=*_4
  license: GPL-3.0-only WITH GCC-exception-3.1
  license_family: GPL
  run_exports: {}
  size: 6613148
  timestamp: 1787618704262
- conda: https://conda.anaconda.org/conda-forge/linux-64/libstdcxx-ng-16.2.0-hdf11a46_4.conda
  sha256: 4cdebd87b76cf53a58a08ebd6d15336daa79c5f0aa34d83a895ac503c0203632
  md5: de0dceacf3e33c5fc88e167885dc8274
  depends:
  - libstdcxx 16.2.0 h934c35e_4
  license: GPL-3.0-only WITH GCC-exception-3.1
  license_family: GPL
  run_exports:
    strong:
    - libstdcxx
  size: 28459
  timestamp: 1787618737021
- conda: https://conda.anaconda.org/conda-forge/linux-64/libuuid-2.42.3-hcfc3c73_0.conda
  sha256: aa58bbba56644ffd062a4a9b358782c5eb7560ccead2ab8f7c5c6ede0a7d33a6
  md5: 74a0a409d9f4561265d36b789d3f398a
  depends:
  - __glibc >=2.17,<3.0.a0
  - libgcc >=15
  license: BSD-3-Clause
  license_family: BSD
  run_exports:
    weak:
    - libuuid >=2.42.3,<3.0a0
  size: 39998
  timestamp: 1788347719520
- conda: https://conda.anaconda.org/conda-forge/linux-64/libxcrypt-4.4.38-h280c20c_0.conda
  sha256: f7e9292dd219a6435bbb1223da9586c3e70d66d169c5a92f08db3f2127df04e9
  md5: f7a7ff5a6ab331e037abd34f379a631d
  depends:
  - libgcc >=14
  - __glibc >=2.17,<3.0.a0
  license: LGPL-2.1-or-later
  run_exports:
    weak:
    - libxcrypt >=4.4.38
  size: 101957
  timestamp: 1785887123445
- conda: https://conda.anaconda.org/conda-forge/linux-64/libzlib-1.3.2-h25fd6f3_3.conda
  sha256: eb8a0db0aa570124f7d2a93d7c7f596e3390df5e047818d873baad32985fc736
  md5: 0de0122d9570a8ab637c6b73db268389
  depends:
  - __glibc >=2.17,<3.0.a0
  constrains:
  - zlib 1.3.2 *_3
  license: Zlib
  license_family: Other
  run_exports:
    weak:
    - libzlib >=1.3.2,<2.0a0
  size: 63713
  timestamp: 1785362952714
- conda: https://conda.anaconda.org/conda-forge/linux-64/mpi-1.0-openmpi.tar.bz2
  sha256: 54cf44ee2c122bce206f834a825af06e3b14fc4fd58c968ae9329715cc281d1e
  md5: 1dcc49e16749ff79ba2194fa5d4ca5e7
  license: BSD 3-clause
  run_exports: {}
  size: 4204
- conda: https://conda.anaconda.org/conda-forge/linux-64/ncurses-6.6-hdb14827_1.conda
  sha256: 5d46557214ed184381dafe835b7c94a474a1c3b307a08a250b1ea4779b44ffb3
  md5: ee6c0cd80a60961a1f48aa3e0b91f986
  depends:
  - __glibc >=2.17,<3.0.a0
  - libgcc >=14
  license: X11 AND BSD-3-Clause
  run_exports:
    weak:
    - ncurses >=6.6,<7.0a0
  size: 911196
  timestamp: 1786355078102
- conda: https://conda.anaconda.org/conda-forge/linux-64/openmpi-4.1.6-hc5af2df_101.conda
  sha256: f0769dd891e1735be4606ec8643951e5cbca199f774e58c7d933f70a70134ce4
  md5: f9a2ad0088ee38f396350515fa37d243
  depends:
  - libgcc-ng >=12
  - libgfortran-ng
  - libgfortran5 >=12.3.0
  - libstdcxx-ng >=12
  - libzlib >=1.2.13,<2.0.0a0
  - mpi 1.0 openmpi
  - zlib
  constrains:
  - cudatoolkit  >= 10.2
  - ucx >=1.15.0,<2.0a0
  - libpmix ==0.0.0
  - libprrte ==0.0.0
  license: BSD-3-Clause
  license_family: BSD
  run_exports:
    weak:
    - openmpi >=4.1.6,<5.0a0
  size: 4069632
  timestamp: 1696593196408
- conda: https://conda.anaconda.org/conda-forge/linux-64/openssl-3.6.4-h781a0a9_0.conda
  sha256: 4747b2d6a8336f52343bceb8a1ebf41a9e6e665b9d2e3f989972de53a310599e
  md5: 16e3034a330cc625f2c685edec60cf4e
  depends:
  - __glibc >=2.17,<3.0.a0
  - ca-certificates
  - libgcc >=15
  license: Apache-2.0
  license_family: Apache
  run_exports:
    weak:
    - openssl >=3.6.4,<4.0a0
  size: 3202955
  timestamp: 1787698780103
- conda: https://conda.anaconda.org/conda-forge/linux-64/perl-5.32.1-7_hd590300_perl5.conda
  build_number: 7
  sha256: 9ec32b6936b0e37bcb0ed34f22ec3116e75b3c0964f9f50ecea5f58734ed6ce9
  md5: f2cfec9406850991f4e3d960cc9e3321
  depends:
  - libgcc-ng >=12
  - libxcrypt >=4.4.36
  license: GPL-1.0-or-later OR Artistic-1.0-Perl
  run_exports:
    weak:
    - perl >=5.32.1,<5.33.0a0 *_perl5
    noarch:
    - perl >=5.32.1,<6.0a0 *_perl5
  size: 13344463
  timestamp: 1703310653947
- conda: https://conda.anaconda.org/conda-forge/linux-64/python-3.12.14-h5f976f7_3_cpython.conda
  build_number: 3
  sha256: 14c579b1016da04e4c9f1c5c857272d83ec447317d8c4074a07d59de3cef70ef
  md5: 98be3cf76eca2e8871f907a03aed3b84
  depends:
  - __glibc >=2.17,<3.0.a0
  - bzip2 >=1.0.8,<2.0a0
  - ld_impl_linux-64 >=2.36.1
  - libexpat >=2.8.1,<3.0a0
  - libffi >=3.7.0,<3.8.0a0
  - libgcc >=15
  - liblzma >=5.8.3,<6.0a0
  - libnsl >=2.0.1,<2.1.0a0
  - libpython 3.12.14 h0c77377_3_cpython
  - libsqlite >=3.53.4,<4.0a0
  - libuuid >=2.42.3,<3.0a0
  - libxcrypt >=4.4.38
  - libzlib >=1.3.2,<2.0a0
  - ncurses >=6.6,<7.0a0
  - openssl >=3.5.8,<4.0a0
  - readline >=8.3,<9.0a0
  - tk >=8.6.13,<8.7.0a0
  - tzdata
  constrains:
  - python_abi 3.12.* *_cp312
  license: Python-2.0
  run_exports:
    weak:
    - python_abi 3.12.* *_cp312
    noarch:
    - python
  size: 23044161
  timestamp: 1788392496306
- conda: https://conda.anaconda.org/conda-forge/linux-64/readline-8.3-hd6e31c0_1.conda
  sha256: 01b3fe073a66e321970d09e04b388708f8cbdca5cdfbfcb7c9eeb470ad10383d
  md5: 69c01c781e7c8190bbdaf79e3848c5ca
  depends:
  - __glibc >=2.17,<3.0.a0
  - libgcc >=15
  - ncurses >=6.6,<7.0a0
  license: GPL-3.0-only
  license_family: GPL
  run_exports:
    weak:
    - readline >=8.3,<9.0a0
  size: 348899
  timestamp: 1787033801506
- conda: https://conda.anaconda.org/conda-forge/linux-64/ruby-3.3.6-he7af4c9_0.conda
  sha256: 15bd665cf8df50b24ba088fe4df42fd81d50bd6df3753ee4cd5e62ab9676a0a9
  md5: 121fc1288ead551992da38937ebccd57
  depends:
  - __glibc >=2.17,<3.0.a0
  - gdbm >=1.18,<1.19.0a0
  - gmp >=6.3.0,<7.0a0
  - libffi >=3.4,<4.0a0
  - libgcc >=13
  - libxcrypt >=4.4.36
  - libzlib >=1.3.1,<2.0a0
  - ncurses >=6.5,<7.0a0
  - openssl >=3.3.2,<4.0a0
  - readline >=8.2,<9.0a0
  - yaml >=0.2.5,<0.3.0a0
  constrains:
  - __glibc >=2.17
  track_features:
  - rb33
  license: BSD-2-Clause
  license_family: BSD
  run_exports:
    weak:
    - ruby >=3.3.6,<3.4.0a0
  size: 11214372
  timestamp: 1730829961849
- conda: https://conda.anaconda.org/conda-forge/linux-64/tk-8.6.13-noxft_h1df4ec4_4.conda
  build_number: 104
  sha256: a1a241d172c1ccab067ba245206dd048bc3c2d1b84504b53c9468e99adfc16a1
  md5: 676a2f9b1c4fcf57b70aa5c65f6c60d0
  depends:
  - libgcc >=15
  - __glibc >=2.17,<3.0.a0
  - libzlib >=1.3.2,<2.0a0
  constrains:
  - xorg-libx11 >=1.8.13,<2.0a0
  license: TCL
  run_exports:
    weak:
    - tk >=8.6.13,<8.7.0a0
  size: 3566806
  timestamp: 1787272857910
- conda: https://conda.anaconda.org/conda-forge/linux-64/yaml-0.2.5-hebe6cf0_3.conda
  sha256: d164dfa75ecd538f6fd68765defcc06aa875bc697b9b215362d79a2a73125dd0
  md5: e741576fb8f89821ac7c1c537322a33d
  depends:
  - __glibc >=2.17,<3.0.a0
  - libgcc >=15
  license: MIT
  license_family: MIT
  run_exports:
    weak:
    - yaml >=0.2.5,<0.3.0a0
  size: 84936
  timestamp: 1787228426393
- conda: https://conda.anaconda.org/conda-forge/linux-64/zlib-1.3.2-h25fd6f3_3.conda
  sha256: 16080a1c7724f7d25727cdc23c7658e0cec2db52448c1dc0c33467ee2c6e1c62
  md5: 6acb86426229f96f93e5468d1df3a5e8
  depends:
  - __glibc >=2.17,<3.0.a0
  - libzlib 1.3.2 h25fd6f3_3
  license: Zlib
  license_family: Other
  run_exports:
    weak:
    - libzlib >=1.3.2,<2.0a0
  size: 96132
  timestamp: 1785362957588
- conda: https://conda.anaconda.org/conda-forge/linux-64/zstd-1.5.7-hb78ec9c_7.conda
  sha256: 47d682b9f6d6ec9eb1a6e6c3e75ea6273e899e78fb7fc59f81d39745009fbc60
  md5: aa459086047c0e5e27023ab19f8cb86a
  depends:
  - __glibc >=2.17,<3.0.a0
  - libzlib >=1.3.2,<2.0a0
  license: BSD-3-Clause
  license_family: BSD
  run_exports:
    weak:
    - zstd >=1.5.7,<1.6.0a0
  size: 601301
  timestamp: 1786599621503
- conda: https://conda.anaconda.org/conda-forge/noarch/ca-certificates-2026.7.22-hbd8a1cb_0.conda
  sha256: 0a0544cf95f64394fe4959286f5c71f5444ad58feb0602e53becb27448d24da6
  md5: 0f51e2391ade309db462a55611263e9c
  depends:
  - __unix
  license: ISC
  run_exports: {}
  size: 131780
  timestamp: 1784754889428
- conda: https://conda.anaconda.org/conda-forge/noarch/parallel-20260722-hd8ed1ab_0.conda
  sha256: 46ab047bb2a4ce468e2fea6741038f3e04ae5018593d32135e0a7373fc5fef6a
  md5: 724af7145c9b6e2a1574d399be6a51b5
  depends:
  - perl
  license: CC-BY-SA-4.0 AND GFDL-1.3-or-later AND GPL-3.0-or-later
  license_family: GPL
  run_exports: {}
  size: 2005584
  timestamp: 1784726012207
- conda: https://conda.anaconda.org/conda-forge/noarch/tzdata-2026c-h151e31d_0.conda
  sha256: b928c30ddcb0e3f544c6eade8352737e6e610e263276b90232db6a578ef899d8
  md5: fcb489df604d100968b737f2cb6076c6
  license: LicenseRef-Public-Domain
  run_exports: {}
  size: 118849
  timestamp: 1784250406640
